
Microsoft Visual Studio Solution File, Format Version 12.00
# Visual Studio Version 17
VisualStudioVersion = 17.11.35222.181
MinimumVisualStudioVersion = 10.0.40219.1
Project("{FAE04EC0-301F-11D3-BF4B-00C04F79EFBC}") = "IntelDrawingDataBackend", "IntelDrawingDataBackend.csproj", "{C503FDCF-A5B9-467F-848A-5CD422ACFD90}"
EndProject
Global
	GlobalSection(SolutionConfigurationPlatforms) = preSolution
		Debug|Any CPU = Debug|Any CPU
		Release|Any CPU = Release|Any CPU
	EndGlobalSection
	GlobalSection(ProjectConfigurationPlatforms) = postSolution
		{C503FDCF-A5B9-467F-848A-5CD422ACFD90}.Debug|Any CPU.ActiveCfg = Debug|Any CPU
		{C503FDCF-A5B9-467F-848A-5CD422ACFD90}.Debug|Any CPU.Build.0 = Debug|Any CPU
		{C503FDCF-A5B9-467F-848A-5CD422ACFD90}.Release|Any CPU.ActiveCfg = Release|Any CPU
		{C503FDCF-A5B9-467F-848A-5CD422ACFD90}.Release|Any CPU.Build.0 = Release|Any CPU
	EndGlobalSection
	GlobalSection(SolutionProperties) = preSolution
		HideSolutionNode = FALSE
	EndGlobalSection
	GlobalSection(ExtensibilityGlobals) = postSolution
		SolutionGuid = {9D7F2258-4A26-4D2E-9D41-6146CC807EE0}
	EndGlobalSection
EndGlobal
